// !$*UTF8*$!
{
	archiveVersion = 1;
	classes = {
	};
	objectVersion = 46;
	objects = {

/* Begin PBXBuildFile section */
		131E27291C24FEF20032A323 /* AppDelegate.swift in Sources */ = {isa = PBXBuildFile; fileRef = 131E27281C24FEF20032A323 /* AppDelegate.swift */; };
		131E272B1C24FEF20032A323 /* ViewController.swift in Sources */ = {isa = PBXBuildFile; fileRef = 131E272A1C24FEF20032A323 /* ViewController.swift */; };
		131E272E1C24FEF20032A323 /* Main.storyboard in Resources */ = {isa = PBXBuildFile; fileRef = 131E272C1C24FEF20032A323 /* Main.storyboard */; };
		131E27301C24FEF20032A323 /* Assets.xcassets in Resources */ = {isa = PBXBuildFile; fileRef = 131E272F1C24FEF20032A323 /* Assets.xcassets */; };
		131E27331C24FEF20032A323 /* LaunchScreen.storyboard in Resources */ = {isa = PBXBuildFile; fileRef = 131E27311C24FEF20032A323 /* LaunchScreen.storyboard */; };
		131E273C1C2507260032A323 /* Podfile in Resources */ = {isa = PBXBuildFile; fileRef = 131E273B1C2507260032A323 /* Podfile */; };
		131E273E1C250FBC0032A323 /* Constants.swift in Sources */ = {isa = PBXBuildFile; fileRef = 131E273D1C250FBC0032A323 /* Constants.swift */; };
		131E27441C2531C60032A323 /* LocalNotificationHelper.swift in Sources */ = {isa = PBXBuildFile; fileRef = 131E27431C2531C60032A323 /* LocalNotificationHelper.swift */; };
		131E27481C254E700032A323 /* ProjDetailViewController.swift in Sources */ = {isa = PBXBuildFile; fileRef = 131E27471C254E700032A323 /* ProjDetailViewController.swift */; };
		131E274A1C2550100032A323 /* LoginViewController.swift in Sources */ = {isa = PBXBuildFile; fileRef = 131E27491C2550100032A323 /* LoginViewController.swift */; };
		42082487A0460B340587C249 /* Pods_projecttracking.framework in Frameworks */ = {isa = PBXBuildFile; fileRef = 2A55B9AB533F98C1E7E45478 /* Pods_projecttracking.framework */; };
/* End PBXBuildFile section */

/* Begin PBXFileReference section */
		131E27251C24FEF20032A323 /* projecttracking.app */ = {isa = PBXFileReference; explicitFileType = wrapper.application; includeInIndex = 0; path = projecttracking.app; sourceTree = BUILT_PRODUCTS_DIR; };
		131E27281C24FEF20032A323 /* AppDelegate.swift */ = {isa = PBXFileReference; lastKnownFileType = sourcecode.swift; path = AppDelegate.swift; sourceTree = "<group>"; };
		131E272A1C24FEF20032A323 /* ViewController.swift */ = {isa = PBXFileReference; lastKnownFileType = sourcecode.swift; path = ViewController.swift; sourceTree = "<group>"; };
		131E272D1C24FEF20032A323 /* Base */ = {isa = PBXFileReference; lastKnownFileType = file.storyboard; name = Base; path = Base.lproj/Main.storyboard; sourceTree = "<group>"; };
		131E272F1C24FEF20032A323 /* Assets.xcassets */ = {isa = PBXFileReference; lastKnownFileType = folder.assetcatalog; path = Assets.xcassets; sourceTree = "<group>"; };
		131E27321C24FEF20032A323 /* Base */ = {isa = PBXFileReference; lastKnownFileType = file.storyboard; name = Base; path = Base.lproj/LaunchScreen.storyboard; sourceTree = "<group>"; };
		131E27341C24FEF20032A323 /* Info.plist */ = {isa = PBXFileReference; lastKnownFileType = text.plist.xml; path = Info.plist; sourceTree = "<group>"; };
		131E273B1C2507260032A323 /* Podfile */ = {isa = PBXFileReference; fileEncoding = 4; lastKnownFileType = text; path = Podfile; sourceTree = "<group>"; xcLanguageSpecificationIdentifier = xcode.lang.ruby; };
		131E273D1C250FBC0032A323 /* Constants.swift */ = {isa = PBXFileReference; fileEncoding = 4; lastKnownFileType = sourcecode.swift; path = Constants.swift; sourceTree = "<group>"; };
		131E27431C2531C60032A323 /* LocalNotificationHelper.swift */ = {isa = PBXFileReference; fileEncoding = 4; lastKnownFileType = sourcecode.swift; path = LocalNotificationHelper.swift; sourceTree = "<group>"; };
		131E27471C254E700032A323 /* ProjDetailViewController.swift */ = {isa = PBXFileReference; fileEncoding = 4; lastKnownFileType = sourcecode.swift; path = ProjDetailViewController.swift; sourceTree = "<group>"; };
		131E27491C2550100032A323 /* LoginViewController.swift */ = {isa = PBXFileReference; fileEncoding = 4; lastKnownFileType = sourcecode.swift; path = LoginViewController.swift; sourceTree = "<group>"; };
		29BC3DB4AEE88B615A679142 /* Pods-projecttracking.release.xcconfig */ = {isa = PBXFileReference; includeInIndex = 1; lastKnownFileType = text.xcconfig; name = "Pods-projecttracking.release.xcconfig"; path = "Pods/Target Support Files/Pods-projecttracking/Pods-projecttracking.release.xcconfig"; sourceTree = "<group>"; };
		2A55B9AB533F98C1E7E45478 /* Pods_projecttracking.framework */ = {isa = PBXFileReference; explicitFileType = wrapper.framework; includeInIndex = 0; path = Pods_projecttracking.framework; sourceTree = BUILT_PRODUCTS_DIR; };
		CA48125C2E090B08B569A1AF /* Pods-projecttracking.debug.xcconfig */ = {isa = PBXFileReference; includeInIndex = 1; lastKnownFileType = text.xcconfig; name = "Pods-projecttracking.debug.xcconfig"; path = "Pods/Target Support Files/Pods-projecttracking/Pods-projecttracking.debug.xcconfig"; sourceTree = "<group>"; };
/* End PBXFileReference section */

/* Begin PBXFrameworksBuildPhase section */
		131E27221C24FEF20032A323 /* Frameworks */ = {
			isa = PBXFrameworksBuildPhase;
			buildActionMask = 2147483647;
			files = (
				42082487A0460B340587C249 /* Pods_projecttracking.framework in Frameworks */,
			);
			runOnlyForDeploymentPostprocessing = 0;
		};
/* End PBXFrameworksBuildPhase section */

/* Begin PBXGroup section */
		131E271C1C24FEF20032A323 = {
			isa = PBXGroup;
			children = (
				131E273B1C2507260032A323 /* Podfile */,
				131E27271C24FEF20032A323 /* projecttracking */,
				131E27261C24FEF20032A323 /* Products */,
				D0351D4FE9F701EB6FDDBFE4 /* Pods */,
				4FC34DFDCA953971849FBB8B /* Frameworks */,
			);
			sourceTree = "<group>";
		};
		131E27261C24FEF20032A323 /* Products */ = {
			isa = PBXGroup;
			children = (
				131E27251C24FEF20032A323 /* projecttracking.app */,
			);
			name = Products;
			sourceTree = "<group>";
		};
		131E27271C24FEF20032A323 /* projecttracking */ = {
			isa = PBXGroup;
			children = (
				131E27421C2531C60032A323 /* Source */,
				131E273A1C24FFBE0032A323 /* images */,
				131E27281C24FEF20032A323 /* AppDelegate.swift */,
				131E273D1C250FBC0032A323 /* Constants.swift */,
				131E272A1C24FEF20032A323 /* ViewController.swift */,
				131E27471C254E700032A323 /* ProjDetailViewController.swift */,
				131E27491C2550100032A323 /* LoginViewController.swift */,
				131E272C1C24FEF20032A323 /* Main.storyboard */,
				131E272F1C24FEF20032A323 /* Assets.xcassets */,
				131E27311C24FEF20032A323 /* LaunchScreen.storyboard */,
				131E27341C24FEF20032A323 /* Info.plist */,
			);
			path = projecttracking;
			sourceTree = "<group>";
		};
		131E273A1C24FFBE0032A323 /* images */ = {
			isa = PBXGroup;
			children = (
			);
			name = images;
			sourceTree = "<group>";
		};
		131E27421C2531C60032A323 /* Source */ = {
			isa = PBXGroup;
			children = (
				131E27431C2531C60032A323 /* LocalNotificationHelper.swift */,
			);
			path = Source;
			sourceTree = "<group>";
		};
		4FC34DFDCA953971849FBB8B /* Frameworks */ = {
			isa = PBXGroup;
			children = (
				2A55B9AB533F98C1E7E45478 /* Pods_projecttracking.framework */,
			);
			name = Frameworks;
			sourceTree = "<group>";
		};
		D0351D4FE9F701EB6FDDBFE4 /* Pods */ = {
			isa = PBXGroup;
			children = (
				CA48125C2E090B08B569A1AF /* Pods-projecttracking.debug.xcconfig */,
				29BC3DB4AEE88B615A679142 /* Pods-projecttracking.release.xcconfig */,
			);
			name = Pods;
			sourceTree = "<group>";
		};
/* End PBXGroup section */

/* Begin PBXNativeTarget section */
		131E27241C24FEF20032A323 /* projecttracking */ = {
			isa = PBXNativeTarget;
			buildConfigurationList = 131E27371C24FEF20032A323 /* Build configuration list for PBXNativeTarget "projecttracking" */;
			buildPhases = (
				5C164B7DA97EAF28CFFD14C0 /* Check Pods Manifest.lock */,
				131E27211C24FEF20032A323 /* Sources */,
				131E27221C24FEF20032A323 /* Frameworks */,
				131E27231C24FEF20032A323 /* Resources */,
				7B5609ACCBF72A805B3BC47A /* Embed Pods Frameworks */,
				BEBBB381AA3215CAEF6742DA /* Copy Pods Resources */,
			);
			buildRules = (
			);
			dependencies = (
			);
			name = projecttracking;
			productName = projecttracking;
			productReference = 131E27251C24FEF20032A323 /* projecttracking.app */;
			productType = "com.apple.product-type.application";
		};
/* End PBXNativeTarget section */

/* Begin PBXProject section */
		131E271D1C24FEF20032A323 /* Project object */ = {
			isa = PBXProject;
			attributes = {
				LastSwiftUpdateCheck = 0720;
				LastUpgradeCheck = 0720;
				ORGANIZATIONNAME = "River Engineering";
				TargetAttributes = {
					131E27241C24FEF20032A323 = {
						CreatedOnToolsVersion = 7.2;
						DevelopmentTeam = MBN688MRM3;
					};
				};
			};
			buildConfigurationList = 131E27201C24FEF20032A323 /* Build configuration list for PBXProject "projecttracking" */;
			compatibilityVersion = "Xcode 3.2";
			developmentRegion = English;
			hasScannedForEncodings = 0;
			knownRegions = (
				en,
				Base,
			);
			mainGroup = 131E271C1C24FEF20032A323;
			productRefGroup = 131E27261C24FEF20032A323 /* Products */;
			projectDirPath = "";
			projectRoot = "";
			targets = (
				131E27241C24FEF20032A323 /* projecttracking */,
			);
		};
/* End PBXProject section */

/* Begin PBXResourcesBuildPhase section */
		131E27231C24FEF20032A323 /* Resources */ = {
			isa = PBXResourcesBuildPhase;
			buildActionMask = 2147483647;
			files = (
				131E27331C24FEF20032A323 /* LaunchScreen.storyboard in Resources */,
				131E27301C24FEF20032A323 /* Assets.xcassets in Resources */,
				131E273C1C2507260032A323 /* Podfile in Resources */,
				131E272E1C24FEF20032A323 /* Main.storyboard in Resources */,
			);
			runOnlyForDeploymentPostprocessing = 0;
		};
/* End PBXResourcesBuildPhase section */

/* Begin PBXShellScriptBuildPhase section */
		5C164B7DA97EAF28CFFD14C0 /* Check Pods Manifest.lock */ = {
			isa = PBXShellScriptBuildPhase;
			buildActionMask = 2147483647;
			files = (
			);
			inputPaths = (
			);
			name = "Check Pods Manifest.lock";
			outputPaths = (
			);
			runOnlyForDeploymentPostprocessing = 0;
			shellPath = /bin/sh;
			shellScript = "diff \"${PODS_ROOT}/../Podfile.lock\" \"${PODS_ROOT}/Manifest.lock\" > /dev/null\nif [[ $? != 0 ]] ; then\n    cat << EOM\nerror: The sandbox is not in sync with the Podfile.lock. Run 'pod install' or update your CocoaPods installation.\nEOM\n    exit 1\nfi\n";
			showEnvVarsInLog = 0;
		};
		7B5609ACCBF72A805B3BC47A /* Embed Pods Frameworks */ = {
			isa = PBXShellScriptBuildPhase;
			buildActionMask = 2147483647;
			files = (
			);
			inputPaths = (
			);
			name = "Embed Pods Frameworks";
			outputPaths = (
			);
			runOnlyForDeploymentPostprocessing = 0;
			shellPath = /bin/sh;
			shellScript = "\"${SRCROOT}/Pods/Target Support Files/Pods-projecttracking/Pods-projecttracking-frameworks.sh\"\n";
			showEnvVarsInLog = 0;
		};
		BEBBB381AA3215CAEF6742DA /* Copy Pods Resources */ = {
			isa = PBXShellScriptBuildPhase;
			buildActionMask = 2147483647;
			files = (
			);
			inputPaths = (
			);
			name = "Copy Pods Resources";
			outputPaths = (
			);
			runOnlyForDeploymentPostprocessing = 0;
			shellPath = /bin/sh;
			shellScript = "\"${SRCROOT}/Pods/Target Support Files/Pods-projecttracking/Pods-projecttracking-resources.sh\"\n";
			showEnvVarsInLog = 0;
		};
/* End PBXShellScriptBuildPhase section */

/* Begin PBXSourcesBuildPhase section */
		131E27211C24FEF20032A323 /* Sources */ = {
			isa = PBXSourcesBuildPhase;
			buildActionMask = 2147483647;
			files = (
				131E274A1C2550100032A323 /* LoginViewController.swift in Sources */,
				131E272B1C24FEF20032A323 /* ViewController.swift in Sources */,
				131E27291C24FEF20032A323 /* AppDelegate.swift in Sources */,
				131E27441C2531C60032A323 /* LocalNotificationHelper.swift in Sources */,
				131E273E1C250FBC0032A323 /* Constants.swift in Sources */,
				131E27481C254E700032A323 /* ProjDetailViewController.swift in Sources */,
			);
			runOnlyForDeploymentPostprocessing = 0;
		};
/* End PBXSourcesBuildPhase section */

/* Begin PBXVariantGroup section */
		131E272C1C24FEF20032A323 /* Main.storyboard */ = {
			isa = PBXVariantGroup;
			children = (
				131E272D1C24FEF20032A323 /* Base */,
			);
			name = Main.storyboard;
			sourceTree = "<group>";
		};
		131E27311C24FEF20032A323 /* LaunchScreen.storyboard */ = {
			isa = PBXVariantGroup;
			children = (
				131E27321C24FEF20032A323 /* Base */,
			);
			name = LaunchScreen.storyboard;
			sourceTree = "<group>";
		};
/* End PBXVariantGroup section */

/* Begin XCBuildConfiguration section */
		131E27351C24FEF20032A323 /* Debug */ = {
			isa = XCBuildConfiguration;
			buildSettings = {
				ALWAYS_SEARCH_USER_PATHS = NO;
				CLANG_CXX_LANGUAGE_STANDARD = "gnu++0x";
				CLANG_CXX_LIBRARY = "libc++";
				CLANG_ENABLE_MODULES = YES;
				CLANG_ENABLE_OBJC_ARC = YES;
				CLANG_WARN_BOOL_CONVERSION = YES;
				CLANG_WARN_CONSTANT_CONVERSION = YES;
				CLANG_WARN_DIRECT_OBJC_ISA_USAGE = YES_ERROR;
				CLANG_WARN_EMPTY_BODY = YES;
				CLANG_WARN_ENUM_CONVERSION = YES;
				CLANG_WARN_INT_CONVERSION = YES;
				CLANG_WARN_OBJC_ROOT_CLASS = YES_ERROR;
				CLANG_WARN_UNREACHABLE_CODE = YES;
				CLANG_WARN__DUPLICATE_METHOD_MATCH = YES;
				"CODE_SIGN_IDENTITY[sdk=iphoneos*]" = "iPhone Developer";
				COPY_PHASE_STRIP = NO;
				DEBUG_INFORMATION_FORMAT = dwarf;
				ENABLE_STRICT_OBJC_MSGSEND = YES;
				ENABLE_TESTABILITY = YES;
				GCC_C_LANGUAGE_STANDARD = gnu99;
				GCC_DYNAMIC_NO_PIC = NO;
				GCC_NO_COMMON_BLOCKS = YES;
				GCC_OPTIMIZATION_LEVEL = 0;
				GCC_PREPROCESSOR_DEFINITIONS = (
					"DEBUG=1",
					"$(inherited)",
				);
				GCC_WARN_64_TO_32_BIT_CONVERSION = YES;
				GCC_WARN_ABOUT_RETURN_TYPE = YES_ERROR;
				GCC_WARN_UNDECLARED_SELECTOR = YES;
				GCC_WARN_UNINITIALIZED_AUTOS = YES_AGGRESSIVE;
				GCC_WARN_UNUSED_FUNCTION = YES;
				GCC_WARN_UNUSED_VARIABLE = YES;
				IPHONEOS_DEPLOYMENT_TARGET = 9.2;
				MTL_ENABLE_DEBUG_INFO = YES;
				ONLY_ACTIVE_ARCH = YES;
				SDKROOT = iphoneos;
				SWIFT_OPTIMIZATION_LEVEL = "-Onone";
				TARGETED_DEVICE_FAMILY = "1,2";
			};
			name = Debug;
		};
		131E27361C24FEF20032A323 /* Release */ = {
			isa = XCBuildConfiguration;
			buildSettings = {
				ALWAYS_SEARCH_USER_PATHS = NO;
				CLANG_CXX_LANGUAGE_STANDARD = "gnu++0x";
				CLANG_CXX_LIBRARY = "libc++";
				CLANG_ENABLE_MODULES = YES;
				CLANG_ENABLE_OBJC_ARC = YES;
				CLANG_WARN_BOOL_CONVERSION = YES;
				CLANG_WARN_CONSTANT_CONVERSION = YES;
				CLANG_WARN_DIRECT_OBJC_ISA_USAGE = YES_ERROR;
				CLANG_WARN_EMPTY_BODY = YES;
				CLANG_WARN_ENUM_CONVERSION = YES;
				CLANG_WARN_INT_CONVERSION = YES;
				CLANG_WARN_OBJC_ROOT_CLASS = YES_ERROR;
				CLANG_WARN_UNREACHABLE_CODE = YES;
				CLANG_WARN__DUPLICATE_METHOD_MATCH = YES;
				"CODE_SIGN_IDENTITY[sdk=iphoneos*]" = "iPhone Developer";
				COPY_PHASE_STRIP = NO;
				DEBUG_INFORMATION_FORMAT = "dwarf-with-dsym";
				ENABLE_NS_ASSERTIONS = NO;
				ENABLE_STRICT_OBJC_MSGSEND = YES;
				GCC_C_LANGUAGE_STANDARD = gnu99;
				GCC_NO_COMMON_BLOCKS = YES;
				GCC_WARN_64_TO_32_BIT_CONVERSION = YES;
				GCC_WARN_ABOUT_RETURN_TYPE = YES_ERROR;
				GCC_WARN_UNDECLARED_SELECTOR = YES;
				GCC_WARN_UNINITIALIZED_AUTOS = YES_AGGRESSIVE;
				GCC_WARN_UNUSED_FUNCTION = YES;
				GCC_WARN_UNUSED_VARIABLE = YES;
				IPHONEOS_DEPLOYMENT_TARGET = 9.2;
				MTL_ENABLE_DEBUG_INFO = NO;
				SDKROOT = iphoneos;
				TARGETED_DEVICE_FAMILY = "1,2";
				VALIDATE_PRODUCT = YES;
			};
			name = Release;
		};
		131E27381C24FEF20032A323 /* Debug */ = {
			isa = XCBuildConfiguration;
			baseConfigurationReference = CA48125C2E090B08B569A1AF /* Pods-projecttracking.debug.xcconfig */;
			buildSettings = {
				ASSETCATALOG_COMPILER_APPICON_NAME = AppIcon;
				CODE_SIGN_IDENTITY = "iPhone Developer";
				INFOPLIST_FILE = projecttracking/Info.plist;
				IPHONEOS_DEPLOYMENT_TARGET = 8.0;
				LD_RUNPATH_SEARCH_PATHS = "$(inherited) @executable_path/Frameworks";
				PRODUCT_BUNDLE_IDENTIFIER = com.re.projecttracking;
				PRODUCT_NAME = "$(TARGET_NAME)";
			};
			name = Debug;
		};
		131E27391C24FEF20032A323 /* Release */ = {
			isa = XCBuildConfiguration;
			baseConfigurationReference = 29BC3DB4AEE88B615A679142 /* Pods-projecttracking.release.xcconfig */;
			buildSettings = {
				ASSETCATALOG_COMPILER_APPICON_NAME = AppIcon;
				CODE_SIGN_IDENTITY = "iPhone Developer";
				INFOPLIST_FILE = projecttracking/Info.plist;
				IPHONEOS_DEPLOYMENT_TARGET = 8.0;
				LD_RUNPATH_SEARCH_PATHS = "$(inherited) @executable_path/Frameworks";
				PRODUCT_BUNDLE_IDENTIFIER = com.re.projecttracking;
				PRODUCT_NAME = "$(TARGET_NAME)";
			};
			name = Release;
		};
/* End XCBuildConfiguration section */

/* Begin XCConfigurationList section */
		131E27201C24FEF20032A323 /* Build configuration list for PBXProject "projecttracking" */ = {
			isa = XCConfigurationList;
			buildConfigurations = (
				131E27351C24FEF20032A323 /* Debug */,
				131E27361C24FEF20032A323 /* Release */,
			);
			defaultConfigurationIsVisible = 0;
			defaultConfigurationName = Release;
		};
		131E27371C24FEF20032A323 /* Build configuration list for PBXNativeTarget "projecttracking" */ = {
			isa = XCConfigurationList;
			buildConfigurations = (
				131E27381C24FEF20032A323 /* Debug */,
				131E27391C24FEF20032A323 /* Release */,
			);
			defaultConfigurationIsVisible = 0;
			defaultConfigurationName = Release;
		};
/* End XCConfigurationList section */
	};
	rootObject = 131E271D1C24FEF20032A323 /* Project object */;
}
